Microsoft Visual Studio Solution File, Format Version 12.00
# Visual Studio 15
VisualStudioVersion = 15.0.26124.0
MinimumVisualStudioVersion = 15.0.26124.0
Project("{2150E333-8FDC-42A3-9474-1A3956D46DE8}") = "src", "src", "{A6D79098-4176-46B9-ADF8-1C6EDDA82F64}"
EndProject
Project("{9A19103F-16F7-4668-BE54-9A1E7A4F7556}") = "netvmomi.API", "src\Api\netvmomi.API.csproj", "{E861F5D5-FD2A-4E43-9375-C8E6AE12870C}"
EndProject
Project("{9A19103F-16F7-4668-BE54-9A1E7A4F7556}") = "netvmomi.APIClient", "src\Client\netvmomi.APIClient.csproj", "{E4500D76-07A4-4993-909A-CF06637D3C19}"
EndProject
Project("{9A19103F-16F7-4668-BE54-9A1E7A4F7556}") = "netvmomi.Models", "src\Model\netvmomi.Models.csproj", "{086281BF-C1B0-4BEB-B2F2-1CEFDA755BAD}"
EndProject
Project("{2150E333-8FDC-42A3-9474-1A3956D46DE8}") = "Solution Items", "Solution Items", "{7503DDDD-7CBE-42CF-BF4C-FA2554304421}"
	ProjectSection(SolutionItems) = preProject
		LICENSE.md = LICENSE.md
	EndProjectSection
EndProject
Global
	GlobalSection(SolutionConfigurationPlatforms) = preSolution
		Debug|Any CPU = Debug|Any CPU
		Debug|x64 = Debug|x64
		Debug|x86 = Debug|x86
		Release|Any CPU = Release|Any CPU
		Release|x64 = Release|x64
		Release|x86 = Release|x86
	EndGlobalSection
	GlobalSection(ProjectConfigurationPlatforms) = postSolution
		{E861F5D5-FD2A-4E43-9375-C8E6AE12870C}.Debug|Any CPU.ActiveCfg = Debug|Any CPU
		{E861F5D5-FD2A-4E43-9375-C8E6AE12870C}.Debug|Any CPU.Build.0 = Debug|Any CPU
		{E861F5D5-FD2A-4E43-9375-C8E6AE12870C}.Debug|x64.ActiveCfg = Debug|Any CPU
		{E861F5D5-FD2A-4E43-9375-C8E6AE12870C}.Debug|x64.Build.0 = Debug|Any CPU
		{E861F5D5-FD2A-4E43-9375-C8E6AE12870C}.Debug|x86.ActiveCfg = Debug|Any CPU
		{E861F5D5-FD2A-4E43-9375-C8E6AE12870C}.Debug|x86.Build.0 = Debug|Any CPU
		{E861F5D5-FD2A-4E43-9375-C8E6AE12870C}.Release|Any CPU.ActiveCfg = Release|Any CPU
		{E861F5D5-FD2A-4E43-9375-C8E6AE12870C}.Release|Any CPU.Build.0 = Release|Any CPU
		{E861F5D5-FD2A-4E43-9375-C8E6AE12870C}.Release|x64.ActiveCfg = Release|Any CPU
		{E861F5D5-FD2A-4E43-9375-C8E6AE12870C}.Release|x64.Build.0 = Release|Any CPU
		{E861F5D5-FD2A-4E43-9375-C8E6AE12870C}.Release|x86.ActiveCfg = Release|Any CPU
		{E861F5D5-FD2A-4E43-9375-C8E6AE12870C}.Release|x86.Build.0 = Release|Any CPU
		{E4500D76-07A4-4993-909A-CF06637D3C19}.Debug|Any CPU.ActiveCfg = Debug|Any CPU
		{E4500D76-07A4-4993-909A-CF06637D3C19}.Debug|Any CPU.Build.0 = Debug|Any CPU
		{E4500D76-07A4-4993-909A-CF06637D3C19}.Debug|x64.ActiveCfg = Debug|Any CPU
		{E4500D76-07A4-4993-909A-CF06637D3C19}.Debug|x64.Build.0 = Debug|Any CPU
		{E4500D76-07A4-4993-909A-CF06637D3C19}.Debug|x86.ActiveCfg = Debug|Any CPU
		{E4500D76-07A4-4993-909A-CF06637D3C19}.Debug|x86.Build.0 = Debug|Any CPU
		{E4500D76-07A4-4993-909A-CF06637D3C19}.Release|Any CPU.ActiveCfg = Release|Any CPU
		{E4500D76-07A4-4993-909A-CF06637D3C19}.Release|Any CPU.Build.0 = Release|Any CPU
		{E4500D76-07A4-4993-909A-CF06637D3C19}.Release|x64.ActiveCfg = Release|Any CPU
		{E4500D76-07A4-4993-909A-CF06637D3C19}.Release|x64.Build.0 = Release|Any CPU
		{E4500D76-07A4-4993-909A-CF06637D3C19}.Release|x86.ActiveCfg = Release|Any CPU
		{E4500D76-07A4-4993-909A-CF06637D3C19}.Release|x86.Build.0 = Release|Any CPU
		{086281BF-C1B0-4BEB-B2F2-1CEFDA755BAD}.Debug|Any CPU.ActiveCfg = Debug|Any CPU
		{086281BF-C1B0-4BEB-B2F2-1CEFDA755BAD}.Debug|Any CPU.Build.0 = Debug|Any CPU
		{086281BF-C1B0-4BEB-B2F2-1CEFDA755BAD}.Debug|x64.ActiveCfg = Debug|Any CPU
		{086281BF-C1B0-4BEB-B2F2-1CEFDA755BAD}.Debug|x64.Build.0 = Debug|Any CPU
		{086281BF-C1B0-4BEB-B2F2-1CEFDA755BAD}.Debug|x86.ActiveCfg = Debug|Any CPU
		{086281BF-C1B0-4BEB-B2F2-1CEFDA755BAD}.Debug|x86.Build.0 = Debug|Any CPU
		{086281BF-C1B0-4BEB-B2F2-1CEFDA755BAD}.Release|Any CPU.ActiveCfg = Release|Any CPU
		{086281BF-C1B0-4BEB-B2F2-1CEFDA755BAD}.Release|Any CPU.Build.0 = Release|Any CPU
		{086281BF-C1B0-4BEB-B2F2-1CEFDA755BAD}.Release|x64.ActiveCfg = Release|Any CPU
		{086281BF-C1B0-4BEB-B2F2-1CEFDA755BAD}.Release|x64.Build.0 = Release|Any CPU
		{086281BF-C1B0-4BEB-B2F2-1CEFDA755BAD}.Release|x86.ActiveCfg = Release|Any CPU
		{086281BF-C1B0-4BEB-B2F2-1CEFDA755BAD}.Release|x86.Build.0 = Release|Any CPU
	EndGlobalSection
	GlobalSection(SolutionProperties) = preSolution
		HideSolutionNode = FALSE
	EndGlobalSection
	GlobalSection(NestedProjects) = preSolution
		{E861F5D5-FD2A-4E43-9375-C8E6AE12870C} = {A6D79098-4176-46B9-ADF8-1C6EDDA82F64}
		{E4500D76-07A4-4993-909A-CF06637D3C19} = {A6D79098-4176-46B9-ADF8-1C6EDDA82F64}
		{086281BF-C1B0-4BEB-B2F2-1CEFDA755BAD} = {A6D79098-4176-46B9-ADF8-1C6EDDA82F64}
	EndGlobalSection
	GlobalSection(ExtensibilityGlobals) = postSolution
		SolutionGuid = {5A435369-FC57-4E7B-9E42-975D350D26B2}
	EndGlobalSection
EndGlobal
